
Microsoft Visual Studio Solution File, Format Version 12.00
# Visual Studio Version 17
VisualStudioVersion = 17.1.32407.343
MinimumVisualStudioVersion = 10.0.40219.1
Project("{9A19103F-16F7-4668-BE54-9A1E7A4F7556}") = "GlassLewis.Company.Api", "GlassLewis.Company.Api\GlassLewis.Company.Api.csproj", "{483AE418-5E4C-43D6-BEBA-2AF6515A91A1}"
EndProject
Project("{2150E333-8FDC-42A3-9474-1A3956D46DE8}") = "Solution Items", "Solution Items", "{6693BBA9-63BE-4B94-8DDD-75367082F664}"
	ProjectSection(SolutionItems) = preProject
		.editorconfig = .editorconfig
	EndProjectSection
EndProject
Project("{9A19103F-16F7-4668-BE54-9A1E7A4F7556}") = "GlassLewis.Company.Api.UnitTest", "GlassLewis.Company.Api.UnitTest\GlassLewis.Company.Api.UnitTest.csproj", "{AD92B54A-C12C-40F9-8548-6F7D154FBC6D}"
EndProject
Global
	GlobalSection(SolutionConfigurationPlatforms) = preSolution
		Debug|Any CPU = Debug|Any CPU
		Release|Any CPU = Release|Any CPU
	EndGlobalSection
	GlobalSection(ProjectConfigurationPlatforms) = postSolution
		{483AE418-5E4C-43D6-BEBA-2AF6515A91A1}.Debug|Any CPU.ActiveCfg = Debug|Any CPU
		{483AE418-5E4C-43D6-BEBA-2AF6515A91A1}.Debug|Any CPU.Build.0 = Debug|Any CPU
		{483AE418-5E4C-43D6-BEBA-2AF6515A91A1}.Release|Any CPU.ActiveCfg = Release|Any CPU
		{483AE418-5E4C-43D6-BEBA-2AF6515A91A1}.Release|Any CPU.Build.0 = Release|Any CPU
		{AD92B54A-C12C-40F9-8548-6F7D154FBC6D}.Debug|Any CPU.ActiveCfg = Debug|Any CPU
		{AD92B54A-C12C-40F9-8548-6F7D154FBC6D}.Debug|Any CPU.Build.0 = Debug|Any CPU
		{AD92B54A-C12C-40F9-8548-6F7D154FBC6D}.Release|Any CPU.ActiveCfg = Release|Any CPU
		{AD92B54A-C12C-40F9-8548-6F7D154FBC6D}.Release|Any CPU.Build.0 = Release|Any CPU
	EndGlobalSection
	GlobalSection(SolutionProperties) = preSolution
		HideSolutionNode = FALSE
	EndGlobalSection
	GlobalSection(ExtensibilityGlobals) = postSolution
		SolutionGuid = {3D21BE82-E893-494A-A367-A72E35E60F37}
	EndGlobalSection
EndGlobal
